
Microsoft Visual Studio Solution File, Format Version 12.00
# Visual Studio Version 17
VisualStudioVersion = 17.7.34003.232
MinimumVisualStudioVersion = 10.0.40219.1
Project("{9A19103F-16F7-4668-BE54-9A1E7A4F7556}") = "GoDutchRides.UI", "GoDutchRides.UI\GoDutchRides.UI.csproj", "{31482DC9-4AC2-404E-9271-897496A82CB2}"
EndProject
Project("{FAE04EC0-301F-11D3-BF4B-00C04F79EFBC}") = "Business", "Business\Business.csproj", "{42A7D4F8-DC45-4A3D-BDBF-F8864B33A5F5}"
EndProject
Global
	GlobalSection(SolutionConfigurationPlatforms) = preSolution
		Debug|Any CPU = Debug|Any CPU
		Release|Any CPU = Release|Any CPU
	EndGlobalSection
	GlobalSection(ProjectConfigurationPlatforms) = postSolution
		{31482DC9-4AC2-404E-9271-897496A82CB2}.Debug|Any CPU.ActiveCfg = Debug|Any CPU
		{31482DC9-4AC2-404E-9271-897496A82CB2}.Debug|Any CPU.Build.0 = Debug|Any CPU
		{31482DC9-4AC2-404E-9271-897496A82CB2}.Release|Any CPU.ActiveCfg = Release|Any CPU
		{31482DC9-4AC2-404E-9271-897496A82CB2}.Release|Any CPU.Build.0 = Release|Any CPU
		{42A7D4F8-DC45-4A3D-BDBF-F8864B33A5F5}.Debug|Any CPU.ActiveCfg = Debug|Any CPU
		{42A7D4F8-DC45-4A3D-BDBF-F8864B33A5F5}.Debug|Any CPU.Build.0 = Debug|Any CPU
		{42A7D4F8-DC45-4A3D-BDBF-F8864B33A5F5}.Release|Any CPU.ActiveCfg = Release|Any CPU
		{42A7D4F8-DC45-4A3D-BDBF-F8864B33A5F5}.Release|Any CPU.Build.0 = Release|Any CPU
	EndGlobalSection
	GlobalSection(SolutionProperties) = preSolution
		HideSolutionNode = FALSE
	EndGlobalSection
	GlobalSection(ExtensibilityGlobals) = postSolution
		SolutionGuid = {7B722600-2876-42C4-AC53-A471518F6B3D}
	EndGlobalSection
EndGlobal
